
Microsoft Visual Studio Solution File, Format Version 12.00
Project("{FAE04EC0-301F-11D3-BF4B-00C04F79EFBC}") = "BlockScript", "BlockScript\BlockScript.csproj", "{CE838E1C-6AFD-480E-A24B-7E3809B48521}"
EndProject
Project("{FAE04EC0-301F-11D3-BF4B-00C04F79EFBC}") = "BlockScript.Tests", "BlockScript.Tests\BlockScript.Tests.csproj", "{1BEA5BB2-0774-476A-AF9C-1362AADA4F58}"
EndProject
Global
	GlobalSection(SolutionConfigurationPlatforms) = preSolution
		Debug|Any CPU = Debug|Any CPU
		Release|Any CPU = Release|Any CPU
	EndGlobalSection
	GlobalSection(ProjectConfigurationPlatforms) = postSolution
		{CE838E1C-6AFD-480E-A24B-7E3809B48521}.Debug|Any CPU.ActiveCfg = Debug|Any CPU
		{CE838E1C-6AFD-480E-A24B-7E3809B48521}.Debug|Any CPU.Build.0 = Debug|Any CPU
		{CE838E1C-6AFD-480E-A24B-7E3809B48521}.Release|Any CPU.ActiveCfg = Release|Any CPU
		{CE838E1C-6AFD-480E-A24B-7E3809B48521}.Release|Any CPU.Build.0 = Release|Any CPU
		{1BEA5BB2-0774-476A-AF9C-1362AADA4F58}.Debug|Any CPU.ActiveCfg = Debug|Any CPU
		{1BEA5BB2-0774-476A-AF9C-1362AADA4F58}.Debug|Any CPU.Build.0 = Debug|Any CPU
		{1BEA5BB2-0774-476A-AF9C-1362AADA4F58}.Release|Any CPU.ActiveCfg = Release|Any CPU
		{1BEA5BB2-0774-476A-AF9C-1362AADA4F58}.Release|Any CPU.Build.0 = Release|Any CPU
	EndGlobalSection
EndGlobal
